
Microsoft Visual Studio Solution File, Format Version 12.00
# Visual Studio 15
VisualStudioVersion = 15.0.27130.2027
MinimumVisualStudioVersion = 10.0.40219.1
Project("{FAE04EC0-301F-11D3-BF4B-00C04F79EFBC}") = "GarbageCollectionDemo", "GarbageCollectionDemo\GarbageCollectionDemo.csproj", "{D2B693CA-623B-48C6-A448-E3A69B7EFBD6}"
EndProject
Global
	GlobalSection(SolutionConfigurationPlatforms) = preSolution
		Debug|Any CPU = Debug|Any CPU
		Release|Any CPU = Release|Any CPU
	EndGlobalSection
	GlobalSection(ProjectConfigurationPlatforms) = postSolution
		{D2B693CA-623B-48C6-A448-E3A69B7EFBD6}.Debug|Any CPU.ActiveCfg = Debug|Any CPU
		{D2B693CA-623B-48C6-A448-E3A69B7EFBD6}.Debug|Any CPU.Build.0 = Debug|Any CPU
		{D2B693CA-623B-48C6-A448-E3A69B7EFBD6}.Release|Any CPU.ActiveCfg = Release|Any CPU
		{D2B693CA-623B-48C6-A448-E3A69B7EFBD6}.Release|Any CPU.Build.0 = Release|Any CPU
	EndGlobalSection
	GlobalSection(SolutionProperties) = preSolution
		HideSolutionNode = FALSE
	EndGlobalSection
	GlobalSection(ExtensibilityGlobals) = postSolution
		SolutionGuid = {77CC0579-193C-4509-B097-2F3AB85C2DDE}
	EndGlobalSection
EndGlobal
